PODS:
  - Alamofire (4.7.2)
  - AliyunOSSiOS (2.10.4)
  - AliyunPlayer_iOS/AliyunPlayerSDK (3.4.5)
  - AliyunPlayer_iOS/AliyunVodPlayerSDK (3.4.5):
    - AliyunPlayer_iOS/AliyunPlayerSDK
  - AliyunVideoCore (1.0.1)
  - AliyunVideoSDKPro (3.6.5)
  - Bugly (2.5.0)
  - CocoaLumberjack (3.2.1):
    - CocoaLumberjack/Default (= 3.2.1)
    - CocoaLumberjack/Extensions (= 3.2.1)
  - CocoaLumberjack/Default (3.2.1)
  - CocoaLumberjack/Extensions (3.2.1):
    - CocoaLumberjack/Default
  - DZNEmptyDataSet (1.8.1)
  - FMDB (2.7.2):
    - FMDB/standard (= 2.7.2)
  - FMDB/standard (2.7.2)
  - HappyDNS (0.3.14)
  - IQKeyboardManagerSwift (6.0.4)
  - Kingfisher (4.8.0)
  - lottie-ios (2.5.0)
  - M80AttributedLabel (1.6.3)
  - Masonry (1.1.0)
  - MJRefresh (3.1.15.3)
  - Moya/Core (11.0.2):
    - Alamofire (~> 4.1)
    - Result (~> 3.0)
  - Moya/RxSwift (11.0.2):
    - Moya/Core
    - RxSwift (~> 4.0)
  - ObjectMapper (3.3.0)
  - ORCycleLabel (1.0.1)
  - Qiniu (7.2.4):
    - HappyDNS (~> 0.3)
  - QiniuUpload (3.0.0)
  - QuCore-ThirdParty (3.6.2)
  - Reachability (3.2)
  - Realm (3.7.4):
    - Realm/Headers (= 3.7.4)
  - Realm/Headers (3.7.4)
  - RealmSwift (3.7.4):
    - Realm (= 3.7.4)
  - Result (3.2.4)
  - RTRootNavigationController (0.6.7):
    - RTRootNavigationController/Core (= 0.6.7)
  - RTRootNavigationController/Core (0.6.7)
  - RxSwift (4.2.0)
  - SDCycleScrollView (1.75):
    - SDWebImage (>= 4.0.0)
  - SDWebImage (4.2.3):
    - SDWebImage/Core (= 4.2.3)
  - SDWebImage/Core (4.2.3)
  - SKPhotoBrowser (5.1.0)
  - SnapKit (4.0.0)
  - SSZipArchive (1.8.1)
  - SVProgressHUD (2.2.5)
  - SwiftyJSON (4.1.0)
  - SwiftyUserDefaults (3.0.1)
  - TextRotateView (1.1)
  - Toast (3.1.0)
  - TZImagePickerController (2.1.6)
  - UICollectionViewLeftAlignedLayout (1.0.2)
  - VODUpload (1.3.0):
    - AliyunOSSiOS
    - AliyunVideoCore (~> 1.0.0)
  - YYImage (1.0.4):
    - YYImage/Core (= 1.0.4)
  - YYImage/Core (1.0.4)
  - YYText (1.0.7)
  - ZFPlayer (3.0.7):
    - ZFPlayer/Core (= 3.0.7)
  - ZFPlayer/Core (3.0.7)

DEPENDENCIES:
  - AliyunPlayer_iOS/AliyunVodPlayerSDK
  - AliyunVideoSDKPro
  - Bugly
  - CocoaLumberjack (~> 3.2.1)
  - DZNEmptyDataSet
  - FMDB (~> 2.7.2)
  - IQKeyboardManagerSwift
  - Kingfisher
  - lottie-ios
  - M80AttributedLabel (~> 1.6.3)
  - Masonry
  - MJRefresh (~> 3.1.15.3)
  - Moya/RxSwift
  - ObjectMapper
  - ORCycleLabel
  - Qiniu (~> 7.2.2)
  - QiniuUpload
  - QuCore-ThirdParty (~> 3.6.2)
  - Reachability
  - RealmSwift
  - RTRootNavigationController
  - SDCycleScrollView (~> 1.75)
  - SDWebImage (~> 4.2.3)
  - SKPhotoBrowser
  - SnapKit (~> 4.0)
  - SSZipArchive (~> 1.8.1)
  - SVProgressHUD
  - SwiftyJSON
  - SwiftyUserDefaults
  - TextRotateView (~> 1.1)
  - Toast (~> 3.0)
  - TZImagePickerController
  - UICollectionViewLeftAlignedLayout
  - VODUpload
  - YYImage
  - YYText
  - ZFPlayer

SPEC REPOS:
  https://github.com/CocoaPods/Specs.git:
    - Alamofire
    - AliyunOSSiOS
    - AliyunPlayer_iOS
    - AliyunVideoCore
    - AliyunVideoSDKPro
    - Bugly
    - CocoaLumberjack
    - DZNEmptyDataSet
    - FMDB
    - HappyDNS
    - IQKeyboardManagerSwift
    - Kingfisher
    - lottie-ios
    - M80AttributedLabel
    - Masonry
    - MJRefresh
    - Moya
    - ObjectMapper
    - ORCycleLabel
    - Qiniu
    - QiniuUpload
    - QuCore-ThirdParty
    - Reachability
    - Realm
    - RealmSwift
    - Result
    - RTRootNavigationController
    - RxSwift
    - SDCycleScrollView
    - SDWebImage
    - SKPhotoBrowser
    - SnapKit
    - SSZipArchive
    - SVProgressHUD
    - SwiftyJSON
    - SwiftyUserDefaults
    - TextRotateView
    - Toast
    - TZImagePickerController
    - UICollectionViewLeftAlignedLayout
    - VODUpload
    - YYImage
    - YYText
    - ZFPlayer

SPEC CHECKSUMS:
  Alamofire: e4fa87002c137ba2d8d634d2c51fabcda0d5c223
  AliyunOSSiOS: e5dcdba99963ca6b43fea863cead49423c5d4c75
  AliyunPlayer_iOS: 8b73518e26c889d13ab95857d0bfe07eaa0c90db
  AliyunVideoCore: 5d588e3cca7943f0fc1ce1cee91c90043dbceac3
  AliyunVideoSDKPro: f40c70c2e51285077d224db8a7fffae1bed90374
  Bugly: 3ca9f255c01025582df26f9222893b383c7e4b4e
  CocoaLumberjack: 2800c03334042fe80589423c8d80e582dcaec482
  DZNEmptyDataSet: 9525833b9e68ac21c30253e1d3d7076cc828eaa7
  FMDB: 6198a90e7b6900cfc046e6bc0ef6ebb7be9236aa
  HappyDNS: dc6a164ee81979093123c241c6353bcf0218add6
  IQKeyboardManagerSwift: 36dbe324b4f9793f5f41ba5227f3e7c76dfefd50
  Kingfisher: 976d828df2b24834c6a3f2fc4d82cdbd26552be1
  lottie-ios: d699fdee68d7b63e721d949388b015fef1aaa4ac
  M80AttributedLabel: d06543195d3e451d2ea62ad76d04aa9cea7661d4
  Masonry: 678fab65091a9290e40e2832a55e7ab731aad201
  MJRefresh: b48380ae2b927b46c4ef000de9adb8dc748e1df7
  Moya: a725035953bc1c0eb1be505ab903984501d82440
  ObjectMapper: b612bf8c8e99c4dc0bb6013a51f7c27966ed5da9
  ORCycleLabel: f50f37f42be1011e56d5b1673dc83b247ee4110d
  Qiniu: 65384bca1cdb0480a68d9b9b8f54db53418c0355
  QiniuUpload: b1b3dda4883b9bacf9e2efc9e28978cdd6a26c70
  QuCore-ThirdParty: eff903efae5684c06c73ff54321805174c6ffb35
  Reachability: 33e18b67625424e47b6cde6d202dce689ad7af96
  Realm: a469bb59e33f9926102ccaea4349822c53b9117e
  RealmSwift: a45861b21c180f5cf0f122144b9759fa8dde3e9e
  Result: d2d07204ce72856f1fd9130bbe42c35a7b0fea10
  RTRootNavigationController: d6aa6cbb78a3eaecea4f6e4df63f15dd887836b8
  RxSwift: 99e10317ddfcc7fbe01356aafd118fde4a0be104
  SDCycleScrollView: 884b88f0266dd4708a0e1934975c69cb971707b1
  SDWebImage: 791bb72962b3492327ddcac4b1880bd1b5458431
  SKPhotoBrowser: c20c1da34d737b4e3e101feead6c8dd92ebf860a
  SnapKit: a42d492c16e80209130a3379f73596c3454b7694
  SSZipArchive: 04547dfa448be5ed7ecbaf7eaf8a6e9eb9b42997
  SVProgressHUD: 1428aafac632c1f86f62aa4243ec12008d7a51d6
  SwiftyJSON: c29297daf073d2aa016295d5809cdd68045c39b3
  SwiftyUserDefaults: 3d273b1739b68ada3145dc754a70ec775bc5c8be
  TextRotateView: 87577b33080fba911b8b2b4caeffb047c09467ae
  Toast: 14a93686d6c8bfe2727afd342414e35660a8a1f3
  TZImagePickerController: bc25e933c9d970a622d052f0d4de16202bbcd863
  UICollectionViewLeftAlignedLayout: 830bf6fa5bab9f9b464f62e3384f9d2e00b3c0f6
  VODUpload: e59dffe09707143bdcfc7d1ea38d7d898fb01a8c
  YYImage: 1e1b62a9997399593e4b9c4ecfbbabbf1d3f3b54
  YYText: 5c461d709e24d55a182d1441c41dc639a18a4849
  ZFPlayer: ac6b5bda7002f7c22c961f282192e3e52a1e0e2d

PODFILE CHECKSUM: 77c61477514aa6fbd433522eec57e8068372272f

COCOAPODS: 1.5.0
