PODS:
  - AGEmojiKeyboard (0.2.1)
  - Alamofire (4.5.1)
  - DZNEmptyDataSet (1.8.1)
  - IQKeyboardManagerSwift (5.0.4)
  - Kingfisher (4.2.0)
  - Masonry (1.1.0)
  - MJRefresh (3.1.15)
  - Moya/Core (10.0.0):
    - Alamofire (~> 4.1)
    - Result (~> 3.0)
  - Moya/RxSwift (10.0.0):
    - Moya/Core
    - RxSwift (~> 4.0)
  - ObjectMapper (3.0.0)
  - Result (3.2.4)
  - RxSwift (4.0.0)
  - SnapKit (4.0.0)
  - SVProgressHUD (2.2.2)
  - SwiftyJSON (3.1.4)
  - SwiftyUserDefaults (3.0.0)
  - TZImagePickerController (1.9.3)
  - XLPagerTabStrip (8.0.0)
  - YYImage (1.0.4):
    - YYImage/Core (= 1.0.4)
  - YYImage/Core (1.0.4)
  - YYText (1.0.7)

DEPENDENCIES:
  - AGEmojiKeyboard
  - DZNEmptyDataSet
  - IQKeyboardManagerSwift
  - Kingfisher
  - Masonry
  - MJRefresh (~> 3.1.12)
  - Moya/RxSwift
  - ObjectMapper
  - SnapKit (~> 4.0)
  - SVProgressHUD
  - SwiftyJSON
  - SwiftyUserDefaults
  - TZImagePickerController
  - XLPagerTabStrip (~> 8.0)
  - YYImage
  - YYText

SPEC CHECKSUMS:
  AGEmojiKeyboard: d5a01a4b0de30e1f1c2a121503ac36a79c7217ab
  Alamofire: 2d95912bf4c34f164fdfc335872e8c312acaea4a
  DZNEmptyDataSet: 9525833b9e68ac21c30253e1d3d7076cc828eaa7
  IQKeyboardManagerSwift: a0592bb636b10a9a1cf75d2b2c61144226226c84
  Kingfisher: 9ee7e788d8ba07c3f21ce0d43f33cec310a4f781
  Masonry: 678fab65091a9290e40e2832a55e7ab731aad201
  MJRefresh: 9af70f5f9327a2cf87f0fb5929f35fcc2fa638ea
  Moya: adb58b0f4e58430db43cc6e2f6ebab1836501186
  ObjectMapper: 92230db59bf8f341a5c3a3cf0b9fbdde3cf0d87f
  Result: d2d07204ce72856f1fd9130bbe42c35a7b0fea10
  RxSwift: fd680d75283beb5e2559486f3c0ff852f0d35334
  SnapKit: a42d492c16e80209130a3379f73596c3454b7694
  SVProgressHUD: 59b2d3dabacbd051576d21d32293ca7228dc18b0
  SwiftyJSON: c2842d878f95482ffceec5709abc3d05680c0220
  SwiftyUserDefaults: 0f1d45fc3aafb9064dac661e367f8f83fe21a4b4
  TZImagePickerController: 079ab986018c22793462e531045a75e366b18252
  XLPagerTabStrip: d1ab378af0923320ec0b5eab11d7b2f803d31261
  YYImage: 1e1b62a9997399593e4b9c4ecfbbabbf1d3f3b54
  YYText: 5c461d709e24d55a182d1441c41dc639a18a4849

PODFILE CHECKSUM: 365413fa5052ba8ecf6e2bbc1003f9378c71b852

COCOAPODS: 1.2.0
