PODS:
  - Alamofire (4.6.0)
  - DZNEmptyDataSet (1.8.1)
  - HappyDNS (0.3.12)
  - IQKeyboardManagerSwift (5.0.7)
  - Kingfisher (4.6.1)
  - Masonry (1.1.0)
  - MJRefresh (3.1.15.3)
  - Moya/Core (10.0.2):
    - Alamofire (~> 4.1)
    - Result (~> 3.0)
  - Moya/RxSwift (10.0.2):
    - Moya/Core
    - RxSwift (~> 4.0)
  - ObjectMapper (3.1.0)
  - Qiniu (7.2.3):
    - HappyDNS (~> 0.3)
  - QiniuUpload (3.0.0)
  - Result (3.2.4)
  - RxSwift (4.1.1)
  - SDWebImage (4.0.0):
    - SDWebImage/Core (= 4.0.0)
  - SDWebImage/Core (4.0.0)
  - SnapKit (4.0.0)
  - SVProgressHUD (2.2.2)
  - SwiftyJSON (4.0.0)
  - SwiftyUserDefaults (3.0.0)
  - TZImagePickerController (2.0.0.4)
  - XLPhotoBrowser+CoderXL (1.2.0):
    - SDWebImage (~> 4.0.0)
  - YYImage (1.0.4):
    - YYImage/Core (= 1.0.4)
  - YYImage/Core (1.0.4)
  - YYText (1.0.7)

DEPENDENCIES:
  - DZNEmptyDataSet
  - IQKeyboardManagerSwift
  - Kingfisher
  - Masonry
  - MJRefresh
  - MJRefresh (~> 3.1.12)
  - Moya/RxSwift
  - ObjectMapper
  - Qiniu (~> 7.2.2)
  - QiniuUpload
  - SnapKit (~> 4.0)
  - SVProgressHUD
  - SwiftyJSON
  - SwiftyUserDefaults
  - TZImagePickerController
  - XLPhotoBrowser+CoderXL
  - YYImage
  - YYText

SPEC CHECKSUMS:
  Alamofire: f41a599bd63041760b26d393ec1069d9d7b917f4
  DZNEmptyDataSet: 9525833b9e68ac21c30253e1d3d7076cc828eaa7
  HappyDNS: 691a3041128055d09866f86e6e9ca90f24da1f18
  IQKeyboardManagerSwift: 30fb3a61de1af53a95e02b80fb54ed0a19d5ede5
  Kingfisher: 1f9157d9c02b380cbd0b7cc890161195164eb634
  Masonry: 678fab65091a9290e40e2832a55e7ab731aad201
  MJRefresh: b48380ae2b927b46c4ef000de9adb8dc748e1df7
  Moya: 2b0531a9fef318e0bc484030c3db1e6f279ccb66
  ObjectMapper: 20505058f54e5c3ca69e1d6de9897d152a5369a6
  Qiniu: ae0fea1cc379fae1560d8748ac537e0fbeb8626e
  QiniuUpload: b1b3dda4883b9bacf9e2efc9e28978cdd6a26c70
  Result: d2d07204ce72856f1fd9130bbe42c35a7b0fea10
  RxSwift: c6e3b1c7b325c7d121cd4327e9d98b7ed746b570
  SDWebImage: 76a6348bdc74eb5a55dd08a091ef298e56b55e41
  SnapKit: a42d492c16e80209130a3379f73596c3454b7694
  SVProgressHUD: 59b2d3dabacbd051576d21d32293ca7228dc18b0
  SwiftyJSON: 070dabdcb1beb81b247c65ffa3a79dbbfb3b48aa
  SwiftyUserDefaults: 0f1d45fc3aafb9064dac661e367f8f83fe21a4b4
  TZImagePickerController: 0b45983cd9b31c6bd9eb95b11a932aa381f9cccf
  XLPhotoBrowser+CoderXL: 2bf4036e2af4611b24bde1681e24c64ed01fbe98
  YYImage: 1e1b62a9997399593e4b9c4ecfbbabbf1d3f3b54
  YYText: 5c461d709e24d55a182d1441c41dc639a18a4849

PODFILE CHECKSUM: e88416ad277a90e16b8bb5561eb7a019e2fbacbe

COCOAPODS: 1.2.0
